# THIS IS AN AUTOGENERATED FILE. DO NOT EDIT THIS FILE DIRECTLY.
# yarn lockfile v1


"@babel/helper-string-parser@^7.24.8":
  version "7.24.8"
  resolved "https://registry.npmmirror.com/@babel/helper-string-parser/-/helper-string-parser-7.24.8.tgz#5b3329c9a58803d5df425e5785865881a81ca48d"
  integrity sha512-pO9KhhRcuUyGnJWwyEgnRJTSIZHiT+vMD0kPeD+so0l7mxkMT19g3pjY9GTnHySck/hDzq+dtW/4VgnMkippsQ==

"@babel/helper-validator-identifier@^7.24.7":
  version "7.24.7"
  resolved "https://registry.npmmirror.com/@babel/helper-validator-identifier/-/helper-validator-identifier-7.24.7.tgz#75b889cfaf9e35c2aaf42cf0d72c8e91719251db"
  integrity sha512-rR+PBcQ1SMQDDyF6X0wxtG8QyLCgUB0eRAGguqRLfkCA87l7yAP7ehq8SNj96OOGTO8OBV70KhuFYcIkHXOg0w==

"@babel/parser@^7.24.7":
  version "7.25.3"
  resolved "https://registry.npmmirror.com/@babel/parser/-/parser-7.25.3.tgz#91fb126768d944966263f0657ab222a642b82065"
  integrity sha512-iLTJKDbJ4hMvFPgQwwsVoxtHyWpKKPBrxkANrSYewDPaPpT5py5yeVkgPIJ7XYXhndxJpaA3PyALSXQ7u8e/Dw==
  dependencies:
    "@babel/types" "^7.25.2"

"@babel/types@^7.25.2":
  version "7.25.2"
  resolved "https://registry.npmmirror.com/@babel/types/-/types-7.25.2.tgz#55fb231f7dc958cd69ea141a4c2997e819646125"
  integrity sha512-YTnYtra7W9e6/oAZEHj0bJehPRUlLH9/fbpT5LfB0NhQXyALCRkRs3zH9v07IYhkgpqX6Z78FnuccZr/l4Fs4Q==
  dependencies:
    "@babel/helper-string-parser" "^7.24.8"
    "@babel/helper-validator-identifier" "^7.24.7"
    to-fast-properties "^2.0.0"

"@dcloudio/types@^2.0.16":
  version "2.6.12"
  resolved "https://registry.npmmirror.com/@dcloudio/types/-/types-2.6.12.tgz#6c9559b9e65483f355dd61cb88fe8c14c8e61189"
  integrity sha512-mrCMwcINy1IFjU9VUqLeWBkj404yWs5paLDttBcA+eqUjanuUQbBcTVPqlrGgkyzLXDcV2oDDZRSNxNpXi4kMQ==

"@dcloudio/uni-ui@^1.5.6":
  version "1.5.6"
  resolved "https://registry.npmmirror.com/@dcloudio/uni-ui/-/uni-ui-1.5.6.tgz#f2f0c10ec7fa2432e694c2c716e00a384e45555b"
  integrity sha512-jmb98PasFvZkrIDXGh94GbdWg2/jyhgs1HUG+bU8eyL7Ltias/5XBz4q8w9RXyWUfqepJRqapPA2IIQpLCuTIg==

"@jridgewell/sourcemap-codec@^1.5.0":
  version "1.5.0"
  resolved "https://registry.npmmirror.com/@jridgewell/sourcemap-codec/-/sourcemap-codec-1.5.0.tgz#3188bcb273a414b0d215fd22a58540b989b9409a"
  integrity sha512-gv3ZRaISU3fjPAgNsriBRqGWQL6quFx04YMPW/zD8XMLsU32mhCCbfbO6KZFLjvYpCZ8zyDEgqsgf+PwPaM7GQ==

"@types/three@^0.133.0":
  version "0.133.1"
  resolved "https://registry.npmmirror.com/@types/three/-/three-0.133.1.tgz#6007faaf7f6b53339150a2a1fe57121e4c6607c1"
  integrity sha512-XqBrP/+kbs+o0CYRhCVVE95v7FaL2bO5Z7+3VQJE0nEyjo+9LoLfeNgZITOnndKHxM+7ltEciAIR7uE0SZlsOg==

"@vue/compiler-core@3.4.37":
  version "3.4.37"
  resolved "https://registry.npmmirror.com/@vue/compiler-core/-/compiler-core-3.4.37.tgz#55db3900e09424c65c39111a05a3c6e698f371e3"
  integrity sha512-ZDDT/KiLKuCRXyzWecNzC5vTcubGz4LECAtfGPENpo0nrmqJHwuWtRLxk/Sb9RAKtR9iFflFycbkjkY+W/PZUQ==
  dependencies:
    "@babel/parser" "^7.24.7"
    "@vue/shared" "3.4.37"
    entities "^5.0.0"
    estree-walker "^2.0.2"
    source-map-js "^1.2.0"

"@vue/compiler-dom@3.4.37":
  version "3.4.37"
  resolved "https://registry.npmmirror.com/@vue/compiler-dom/-/compiler-dom-3.4.37.tgz#a1fcf79e287cb828545082ff1afa8630480a3044"
  integrity sha512-rIiSmL3YrntvgYV84rekAtU/xfogMUJIclUMeIKEtVBFngOL3IeZHhsH3UaFEgB5iFGpj6IW+8YuM/2Up+vVag==
  dependencies:
    "@vue/compiler-core" "3.4.37"
    "@vue/shared" "3.4.37"

"@vue/compiler-sfc@3.4.37":
  version "3.4.37"
  resolved "https://registry.npmmirror.com/@vue/compiler-sfc/-/compiler-sfc-3.4.37.tgz#8afaf1a86cb849422c765d4369ba1e85fffe0234"
  integrity sha512-vCfetdas40Wk9aK/WWf8XcVESffsbNkBQwS5t13Y/PcfqKfIwJX2gF+82th6dOpnpbptNMlMjAny80li7TaCIg==
  dependencies:
    "@babel/parser" "^7.24.7"
    "@vue/compiler-core" "3.4.37"
    "@vue/compiler-dom" "3.4.37"
    "@vue/compiler-ssr" "3.4.37"
    "@vue/shared" "3.4.37"
    estree-walker "^2.0.2"
    magic-string "^0.30.10"
    postcss "^8.4.40"
    source-map-js "^1.2.0"

"@vue/compiler-ssr@3.4.37":
  version "3.4.37"
  resolved "https://registry.npmmirror.com/@vue/compiler-ssr/-/compiler-ssr-3.4.37.tgz#b75e1c76c3184f86fa9f0ba4d61d13bc6afcbf8a"
  integrity sha512-TyAgYBWrHlFrt4qpdACh8e9Ms6C/AZQ6A6xLJaWrCL8GCX5DxMzxyeFAEMfU/VFr4tylHm+a2NpfJpcd7+20XA==
  dependencies:
    "@vue/compiler-dom" "3.4.37"
    "@vue/shared" "3.4.37"

"@vue/reactivity@3.4.37":
  version "3.4.37"
  resolved "https://registry.npmmirror.com/@vue/reactivity/-/reactivity-3.4.37.tgz#5a199563eaab51ed9f94ddf0a82f9179bcc01676"
  integrity sha512-UmdKXGx0BZ5kkxPqQr3PK3tElz6adTey4307NzZ3whZu19i5VavYal7u2FfOmAzlcDVgE8+X0HZ2LxLb/jgbYw==
  dependencies:
    "@vue/shared" "3.4.37"

"@vue/runtime-core@3.4.37":
  version "3.4.37"
  resolved "https://registry.npmmirror.com/@vue/runtime-core/-/runtime-core-3.4.37.tgz#3fe734a666db7842bea4185a13f7697a2102b719"
  integrity sha512-MNjrVoLV/sirHZoD7QAilU1Ifs7m/KJv4/84QVbE6nyAZGQNVOa1HGxaOzp9YqCG+GpLt1hNDC4RbH+KtanV7w==
  dependencies:
    "@vue/reactivity" "3.4.37"
    "@vue/shared" "3.4.37"

"@vue/runtime-dom@3.4.37":
  version "3.4.37"
  resolved "https://registry.npmmirror.com/@vue/runtime-dom/-/runtime-dom-3.4.37.tgz#219f84577027103de6ddc71351d8237c7c16adac"
  integrity sha512-Mg2EwgGZqtwKrqdL/FKMF2NEaOHuH+Ks9TQn3DHKyX//hQTYOun+7Tqp1eo0P4Ds+SjltZshOSRq6VsU0baaNg==
  dependencies:
    "@vue/reactivity" "3.4.37"
    "@vue/runtime-core" "3.4.37"
    "@vue/shared" "3.4.37"
    csstype "^3.1.3"

"@vue/server-renderer@3.4.37":
  version "3.4.37"
  resolved "https://registry.npmmirror.com/@vue/server-renderer/-/server-renderer-3.4.37.tgz#d341425bb5395a3f6ed70572ea5c3edefab92f28"
  integrity sha512-jZ5FAHDR2KBq2FsRUJW6GKDOAG9lUTX8aBEGq4Vf6B/35I9fPce66BornuwmqmKgfiSlecwuOb6oeoamYMohkg==
  dependencies:
    "@vue/compiler-ssr" "3.4.37"
    "@vue/shared" "3.4.37"

"@vue/shared@3.4.37":
  version "3.4.37"
  resolved "https://registry.npmmirror.com/@vue/shared/-/shared-3.4.37.tgz#4f4c08a2e73da512a77b47165cf59ffbc1b5ade8"
  integrity sha512-nIh8P2fc3DflG8+5Uw8PT/1i17ccFn0xxN/5oE9RfV5SVnd7G0XEFRwakrnNFE/jlS95fpGXDVG5zDETS26nmg==

csstype@^3.1.3:
  version "3.1.3"
  resolved "https://registry.npmmirror.com/csstype/-/csstype-3.1.3.tgz#d80ff294d114fb0e6ac500fbf85b60137d7eff81"
  integrity sha512-M1uQkMl8rQK/szD0LNhtqxIPLpimGm8sOBwU7lLnCpSbTyY3yeU1Vc7l4KT5zT4s/yOxHH5O7tIuuLOCnLADRw==

dotenv@^16.4.5:
  version "16.4.5"
  resolved "https://registry.npmmirror.com/dotenv/-/dotenv-16.4.5.tgz#cdd3b3b604cb327e286b4762e13502f717cb099f"
  integrity sha512-ZmdL2rui+eB2YwhsWzjInR8LldtZHGDoQ1ugH85ppHKwpUHL7j7rN0Ti9NCnGiQbhaZ11FpR+7ao1dNsmduNUg==

entities@^5.0.0:
  version "5.0.0"
  resolved "https://registry.npmmirror.com/entities/-/entities-5.0.0.tgz#b2ab51fe40d995817979ec79dd621154c3c0f62b"
  integrity sha512-BeJFvFRJddxobhvEdm5GqHzRV/X+ACeuw0/BuuxsCh1EUZcAIz8+kYmBp/LrQuloy6K1f3a0M7+IhmZ7QnkISA==

estree-walker@^2.0.2:
  version "2.0.2"
  resolved "https://registry.npmmirror.com/estree-walker/-/estree-walker-2.0.2.tgz#52f010178c2a4c117a7757cfe942adb7d2da4cac"
  integrity sha512-Rfkk/Mp/DL7JVje3u18FxFujQlTNR2q6QfMSMB7AvCBx91NGj/ba3kCfza0f6dVDbw7YlRf/nDrn7pQrCCyQ/w==

eventemitter3@^5.0.1:
  version "5.0.1"
  resolved "https://registry.npmmirror.com/eventemitter3/-/eventemitter3-5.0.1.tgz#53f5ffd0a492ac800721bb42c66b841de96423c4"
  integrity sha512-GWkBvjiSZK87ELrYOSESUYeVIc9mvLLf/nXalMOS5dYrgZq9o5OVkbZAVM06CVxYsCwH9BDZFPlQTlPA1j4ahA==

fast-diff@^1.3.0:
  version "1.3.0"
  resolved "https://registry.npmmirror.com/fast-diff/-/fast-diff-1.3.0.tgz#ece407fa550a64d638536cd727e129c61616e0f0"
  integrity sha512-VxPP4NqbUjj6MaAOafWeUn2cXWLcCtljklUtZf0Ind4XQ+QPtmA0b18zZy0jIQx+ExRVCR/ZQpBmik5lXshNsw==

lodash-es@^4.17.21:
  version "4.17.21"
  resolved "https://registry.npmmirror.com/lodash-es/-/lodash-es-4.17.21.tgz#43e626c46e6591b7750beb2b50117390c609e3ee"
  integrity sha512-mKnC+QJ9pWVzv+C4/U3rRsHapFfHvQFoFB92e52xeyGMcX6/OlIl78je1u8vePzYZSkkogMPJ2yjxxsb89cxyw==

lodash.clonedeep@^4.5.0:
  version "4.5.0"
  resolved "https://registry.npmmirror.com/lodash.clonedeep/-/lodash.clonedeep-4.5.0.tgz#e23f3f9c4f8fbdde872529c1071857a086e5ccef"
  integrity sha512-H5ZhCF25riFd9uB5UCkVKo61m3S/xZk1x4wA6yp/L3RFP6Z/eHH1ymQcGLo7J3GMPfm0V/7m1tryHuGVxpqEBQ==

lodash.isequal@^4.5.0:
  version "4.5.0"
  resolved "https://registry.npmmirror.com/lodash.isequal/-/lodash.isequal-4.5.0.tgz#415c4478f2bcc30120c22ce10ed3226f7d3e18e0"
  integrity sha512-pDo3lu8Jhfjqls6GkMgpahsF9kCyayhgykjyLMNFTKWrpVdAQtYyB4muAMWozBB4ig/dtWAmsMxLEI8wuz+DYQ==

luch-request@^3.1.1:
  version "3.1.1"
  resolved "https://registry.npmmirror.com/luch-request/-/luch-request-3.1.1.tgz#a62b0aab54c5acd9da5b5fd0564ed2cdb8af9c2f"
  integrity sha512-p7+mlcEtgRcd0OfXC4XZbyiwSr1XgCeqNT7LlVUjnk7InYl/8d5Rk7BUqAYNA2WRafI1wRIUQWRWZRpeUwWR0w==
  dependencies:
    "@dcloudio/types" "^2.0.16"

magic-string@^0.30.10:
  version "0.30.11"
  resolved "https://registry.npmmirror.com/magic-string/-/magic-string-0.30.11.tgz#301a6f93b3e8c2cb13ac1a7a673492c0dfd12954"
  integrity sha512-+Wri9p0QHMy+545hKww7YAu5NyzF8iomPL/RQazugQ9+Ez4Ic3mERMd8ZTX5rfK944j+560ZJi8iAwgak1Ac7A==
  dependencies:
    "@jridgewell/sourcemap-codec" "^1.5.0"

mp-html@^2.5.0:
  version "2.5.0"
  resolved "https://registry.npmmirror.com/mp-html/-/mp-html-2.5.0.tgz#8bcb8c1d84ca8689587b4b7f2cf1d3a9730f8ba4"
  integrity sha512-uvBH5tIaDIlj8qaxsvNXU3RKX0jvXOo3J6FAi/notUv/ds6j79UUTE82aDkxxUk0eLUU0CiCqMrR7WWnytk30Q==

nanoid@^3.3.7:
  version "3.3.7"
  resolved "https://registry.npmmirror.com/nanoid/-/nanoid-3.3.7.tgz#d0c301a691bc8d54efa0a2226ccf3fe2fd656bd8"
  integrity sha512-eSRppjcPIatRIMC1U6UngP8XFcz8MQWGQdt1MTBQ7NaAmvXDfvNxbvWV3x2y6CdEUciCSsDHDQZbhYaB8QEo2g==

parchment@^3.0.0:
  version "3.0.0"
  resolved "https://registry.npmmirror.com/parchment/-/parchment-3.0.0.tgz#2e3a4ada454e1206ae76ea7afcb50e9fb517e7d6"
  integrity sha512-HUrJFQ/StvgmXRcQ1ftY6VEZUq3jA2t9ncFN4F84J/vN0/FPpQF+8FKXb3l6fLces6q0uOHj6NJn+2xvZnxO6A==

picocolors@^1.0.1:
  version "1.0.1"
  resolved "https://registry.npmmirror.com/picocolors/-/picocolors-1.0.1.tgz#a8ad579b571952f0e5d25892de5445bcfe25aaa1"
  integrity sha512-anP1Z8qwhkbmu7MFP5iTt+wQKXgwzf7zTyGlcdzabySa9vd0Xt392U0rVmz9poOaBj0uHJKyyo9/upk0HrEQew==

postcss@^8.4.40:
  version "8.4.41"
  resolved "https://registry.npmmirror.com/postcss/-/postcss-8.4.41.tgz#d6104d3ba272d882fe18fc07d15dc2da62fa2681"
  integrity sha512-TesUflQ0WKZqAvg52PWL6kHgLKP6xB6heTOdoYM0Wt2UHyxNa4K25EZZMgKns3BH1RLVbZCREPpLY0rhnNoHVQ==
  dependencies:
    nanoid "^3.3.7"
    picocolors "^1.0.1"
    source-map-js "^1.2.0"

quill-delta@^5.1.0:
  version "5.1.0"
  resolved "https://registry.npmmirror.com/quill-delta/-/quill-delta-5.1.0.tgz#1c4bc08f7c8e5cc4bdc88a15a1a70c1cc72d2b48"
  integrity sha512-X74oCeRI4/p0ucjb5Ma8adTXd9Scumz367kkMK5V/IatcX6A0vlgLgKbzXWy5nZmCGeNJm2oQX0d2Eqj+ZIlCA==
  dependencies:
    fast-diff "^1.3.0"
    lodash.clonedeep "^4.5.0"
    lodash.isequal "^4.5.0"

quill@^2.0.2:
  version "2.0.2"
  resolved "https://registry.npmmirror.com/quill/-/quill-2.0.2.tgz#5b26bc10a74e9f7fdcfdb5156b3133a3ebf0a814"
  integrity sha512-QfazNrhMakEdRG57IoYFwffUIr04LWJxbS/ZkidRFXYCQt63c1gK6Z7IHUXMx/Vh25WgPBU42oBaNzQ0K1R/xw==
  dependencies:
    eventemitter3 "^5.0.1"
    lodash-es "^4.17.21"
    parchment "^3.0.0"
    quill-delta "^5.1.0"

source-map-js@^1.2.0:
  version "1.2.0"
  resolved "https://registry.npmmirror.com/source-map-js/-/source-map-js-1.2.0.tgz#16b809c162517b5b8c3e7dcd315a2a5c2612b2af"
  integrity sha512-itJW8lvSA0TXEphiRoawsCksnlf8SyvmFzIhltqAHluXd88pkCd+cXJVHTDwdCr0IzwptSm035IHQktUu1QUMg==

three-platformize@^1.133.3:
  version "1.133.3"
  resolved "https://registry.npmmirror.com/three-platformize/-/three-platformize-1.133.3.tgz#a6de3c432898d633bc038975b78078811fa5fa80"
  integrity sha512-fb7lxtMU/ZSX+JZBrpZVJhK0yYc+ozcLAqEhqXXngrZWrSYUHyOeMpS9vfkmFVr+Jx2nzvvGxrf0OcGzY8Y4vA==
  dependencies:
    "@types/three" "^0.133.0"

to-fast-properties@^2.0.0:
  version "2.0.0"
  resolved "https://registry.npmmirror.com/to-fast-properties/-/to-fast-properties-2.0.0.tgz#dc5e698cbd079265bc73e0377681a4e4e83f616e"
  integrity sha512-/OaKK0xYrs3DmxRYqL/yDc+FxFUVYhDlXMhRmv3z915w2HF1tnN1omB354j8VUGO/hbRzyD6Y3sA7v7GS/ceog==

vue@^3.4.37:
  version "3.4.37"
  resolved "https://registry.npmmirror.com/vue/-/vue-3.4.37.tgz#64ce0eeb8de16a29fb74e504777ee8c0c1cf229e"
  integrity sha512-3vXvNfkKTBsSJ7JP+LyR7GBuwQuckbWvuwAid3xbqK9ppsKt/DUvfqgZ48fgOLEfpy1IacL5f8QhUVl77RaI7A==
  dependencies:
    "@vue/compiler-dom" "3.4.37"
    "@vue/compiler-sfc" "3.4.37"
    "@vue/runtime-dom" "3.4.37"
    "@vue/server-renderer" "3.4.37"
    "@vue/shared" "3.4.37"
